
Microsoft Visual Studio Solution File, Format Version 12.00
# Visual Studio Version 17
VisualStudioVersion = 17.3.32922.545
MinimumVisualStudioVersion = 10.0.40219.1
Project("{FAE04EC0-301F-11D3-BF4B-00C04F79EFBC}") = "Automarket", "Automarket\Automarket.csproj", "{A006950F-31D0-42D5-BEB4-510CEB7C0B7A}"
EndProject
Project("{2150E333-8FDC-42A3-9474-1A3956D46DE8}") = "DAL", "DAL", "{CDC52D4B-4426-4A19-868A-23E124F0567E}"
EndProject
Project("{2150E333-8FDC-42A3-9474-1A3956D46DE8}") = "Domain", "Domain", "{CBBB056D-2908-4600-9B1E-844C2253C641}"
EndProject
Project("{FAE04EC0-301F-11D3-BF4B-00C04F79EFBC}") = "Automarket.Domain", "Automarket.Domain\Automarket.Domain.csproj", "{E80F7BA3-1AC6-4684-ADFF-BD4BC088F1D7}"
EndProject
Project("{FAE04EC0-301F-11D3-BF4B-00C04F79EFBC}") = "Automarket.DAL", "Automarket.DAL\Automarket.DAL.csproj", "{18DA9A5C-E532-436E-9D81-B63947A3B740}"
EndProject
Global
	GlobalSection(SolutionConfigurationPlatforms) = preSolution
		Debug|Any CPU = Debug|Any CPU
		Release|Any CPU = Release|Any CPU
	EndGlobalSection
	GlobalSection(ProjectConfigurationPlatforms) = postSolution
		{A006950F-31D0-42D5-BEB4-510CEB7C0B7A}.Debug|Any CPU.ActiveCfg = Debug|Any CPU
		{A006950F-31D0-42D5-BEB4-510CEB7C0B7A}.Debug|Any CPU.Build.0 = Debug|Any CPU
		{A006950F-31D0-42D5-BEB4-510CEB7C0B7A}.Release|Any CPU.ActiveCfg = Release|Any CPU
		{A006950F-31D0-42D5-BEB4-510CEB7C0B7A}.Release|Any CPU.Build.0 = Release|Any CPU
		{E80F7BA3-1AC6-4684-ADFF-BD4BC088F1D7}.Debug|Any CPU.ActiveCfg = Debug|Any CPU
		{E80F7BA3-1AC6-4684-ADFF-BD4BC088F1D7}.Debug|Any CPU.Build.0 = Debug|Any CPU
		{E80F7BA3-1AC6-4684-ADFF-BD4BC088F1D7}.Release|Any CPU.ActiveCfg = Release|Any CPU
		{E80F7BA3-1AC6-4684-ADFF-BD4BC088F1D7}.Release|Any CPU.Build.0 = Release|Any CPU
		{18DA9A5C-E532-436E-9D81-B63947A3B740}.Debug|Any CPU.ActiveCfg = Debug|Any CPU
		{18DA9A5C-E532-436E-9D81-B63947A3B740}.Debug|Any CPU.Build.0 = Debug|Any CPU
		{18DA9A5C-E532-436E-9D81-B63947A3B740}.Release|Any CPU.ActiveCfg = Release|Any CPU
		{18DA9A5C-E532-436E-9D81-B63947A3B740}.Release|Any CPU.Build.0 = Release|Any CPU
	EndGlobalSection
	GlobalSection(SolutionProperties) = preSolution
		HideSolutionNode = FALSE
	EndGlobalSection
	GlobalSection(NestedProjects) = preSolution
		{E80F7BA3-1AC6-4684-ADFF-BD4BC088F1D7} = {CBBB056D-2908-4600-9B1E-844C2253C641}
		{18DA9A5C-E532-436E-9D81-B63947A3B740} = {CDC52D4B-4426-4A19-868A-23E124F0567E}
	EndGlobalSection
	GlobalSection(ExtensibilityGlobals) = postSolution
		SolutionGuid = {3A03F85E-3982-4E01-A295-35A7E1C10EB2}
	EndGlobalSection
EndGlobal
